
Microsoft Visual Studio Solution File, Format Version 12.00
# Visual Studio 15
VisualStudioVersion = 15.0.28010.2016
MinimumVisualStudioVersion = 10.0.40219.1
Project("{FAE04EC0-301F-11D3-BF4B-00C04F79EFBC}") = "BtcPayClient", "BtcPayService\BtcPayClient.csproj", "{D88A49C3-0280-4320-B120-AE519B2DB219}"
EndProject
Project("{FAE04EC0-301F-11D3-BF4B-00C04F79EFBC}") = "BtcPayServiceTest", "BtcPayServiceTest\BtcPayServiceTest.csproj", "{71166BF5-DA31-4BFD-90E6-16172E894EAA}"
EndProject
Project("{FAE04EC0-301F-11D3-BF4B-00C04F79EFBC}") = "BtcPayClientSample", "BtcPayClient\BtcPayClientSample.csproj", "{7069D12D-4D07-4CE4-A0BF-406D599CD2F0}"
EndProject
Project("{2150E333-8FDC-42A3-9474-1A3956D46DE8}") = "Solution Items", "Solution Items", "{5318CC2B-36CF-42E4-A3A3-6E09187F9887}"
EndProject
Project("{FAE04EC0-301F-11D3-BF4B-00C04F79EFBC}") = "WebSocketUnity", "WebSocketUnity\WebSocketUnity.csproj", "{0CBFF27F-880E-43B6-B487-891823AD2F49}"
EndProject
Project("{FAE04EC0-301F-11D3-BF4B-00C04F79EFBC}") = "WebSocketUnityWebGL", "WebSocketUnityWebGL\WebSocketUnityWebGL.csproj", "{E12173CE-44FF-4A03-A23D-A6EA1E3E5B25}"
EndProject
Project("{FAE04EC0-301F-11D3-BF4B-00C04F79EFBC}") = "DataAccessUnity", "DataAccessUnity\DataAccessUnity.csproj", "{1E563C65-6FA8-49EE-A397-7396F8DBE980}"
EndProject
Global
	GlobalSection(SolutionConfigurationPlatforms) = preSolution
		Debug|Any CPU = Debug|Any CPU
		Release|Any CPU = Release|Any CPU
	EndGlobalSection
	GlobalSection(ProjectConfigurationPlatforms) = postSolution
		{D88A49C3-0280-4320-B120-AE519B2DB219}.Debug|Any CPU.ActiveCfg = Debug|Any CPU
		{D88A49C3-0280-4320-B120-AE519B2DB219}.Debug|Any CPU.Build.0 = Debug|Any CPU
		{D88A49C3-0280-4320-B120-AE519B2DB219}.Release|Any CPU.ActiveCfg = Release|Any CPU
		{D88A49C3-0280-4320-B120-AE519B2DB219}.Release|Any CPU.Build.0 = Release|Any CPU
		{71166BF5-DA31-4BFD-90E6-16172E894EAA}.Debug|Any CPU.ActiveCfg = Debug|Any CPU
		{71166BF5-DA31-4BFD-90E6-16172E894EAA}.Debug|Any CPU.Build.0 = Debug|Any CPU
		{71166BF5-DA31-4BFD-90E6-16172E894EAA}.Release|Any CPU.ActiveCfg = Release|Any CPU
		{71166BF5-DA31-4BFD-90E6-16172E894EAA}.Release|Any CPU.Build.0 = Release|Any CPU
		{7069D12D-4D07-4CE4-A0BF-406D599CD2F0}.Debug|Any CPU.ActiveCfg = Debug|Any CPU
		{7069D12D-4D07-4CE4-A0BF-406D599CD2F0}.Debug|Any CPU.Build.0 = Debug|Any CPU
		{7069D12D-4D07-4CE4-A0BF-406D599CD2F0}.Release|Any CPU.ActiveCfg = Release|Any CPU
		{7069D12D-4D07-4CE4-A0BF-406D599CD2F0}.Release|Any CPU.Build.0 = Release|Any CPU
		{0CBFF27F-880E-43B6-B487-891823AD2F49}.Debug|Any CPU.ActiveCfg = Debug|Any CPU
		{0CBFF27F-880E-43B6-B487-891823AD2F49}.Debug|Any CPU.Build.0 = Debug|Any CPU
		{0CBFF27F-880E-43B6-B487-891823AD2F49}.Release|Any CPU.ActiveCfg = Release|Any CPU
		{0CBFF27F-880E-43B6-B487-891823AD2F49}.Release|Any CPU.Build.0 = Release|Any CPU
		{E12173CE-44FF-4A03-A23D-A6EA1E3E5B25}.Debug|Any CPU.ActiveCfg = Debug|Any CPU
		{E12173CE-44FF-4A03-A23D-A6EA1E3E5B25}.Debug|Any CPU.Build.0 = Debug|Any CPU
		{E12173CE-44FF-4A03-A23D-A6EA1E3E5B25}.Release|Any CPU.ActiveCfg = Release|Any CPU
		{E12173CE-44FF-4A03-A23D-A6EA1E3E5B25}.Release|Any CPU.Build.0 = Release|Any CPU
		{1E563C65-6FA8-49EE-A397-7396F8DBE980}.Debug|Any CPU.ActiveCfg = Debug|Any CPU
		{1E563C65-6FA8-49EE-A397-7396F8DBE980}.Debug|Any CPU.Build.0 = Debug|Any CPU
		{1E563C65-6FA8-49EE-A397-7396F8DBE980}.Release|Any CPU.ActiveCfg = Release|Any CPU
		{1E563C65-6FA8-49EE-A397-7396F8DBE980}.Release|Any CPU.Build.0 = Release|Any CPU
	EndGlobalSection
	GlobalSection(SolutionProperties) = preSolution
		HideSolutionNode = FALSE
	EndGlobalSection
	GlobalSection(ExtensibilityGlobals) = postSolution
		SolutionGuid = {B35FA3C1-F2C5-4E03-96F5-82C0DA9E0B42}
	EndGlobalSection
EndGlobal
